// !$*UTF8*$!
{
	archiveVersion = 1;
	classes = {
	};
	objectVersion = 50;
	objects = {

/* Begin PBXBuildFile section */
		039CB0842355FDF5002D6F59 /* main.swift in Sources */ = {isa = PBXBuildFile; fileRef = 039CB0832355FDF5002D6F59 /* main.swift */; };
		039CB08B23560048002D6F59 /* Dash.swift in Sources */ = {isa = PBXBuildFile; fileRef = 039CB08A23560048002D6F59 /* Dash.swift */; };
		039CB08D235607E7002D6F59 /* SysArgs.swift in Sources */ = {isa = PBXBuildFile; fileRef = 039CB08C235607E7002D6F59 /* SysArgs.swift */; };
		039CB08F235608D2002D6F59 /* Errors.swift in Sources */ = {isa = PBXBuildFile; fileRef = 039CB08E235608D2002D6F59 /* Errors.swift */; };
		03D9EF232356C08E009BC05A /* Scanner.swift in Sources */ = {isa = PBXBuildFile; fileRef = 03D9EF222356C08E009BC05A /* Scanner.swift */; };
		03D9EF252356C09F009BC05A /* Token.swift in Sources */ = {isa = PBXBuildFile; fileRef = 03D9EF242356C09F009BC05A /* Token.swift */; };
		03D9EF272356CA23009BC05A /* Extensions.swift in Sources */ = {isa = PBXBuildFile; fileRef = 03D9EF262356CA23009BC05A /* Extensions.swift */; };
/* End PBXBuildFile section */

/* Begin PBXCopyFilesBuildPhase section */
		039CB07E2355FDF5002D6F59 /* CopyFiles */ = {
			isa = PBXCopyFilesBuildPhase;
			buildActionMask = 2147483647;
			dstPath = /usr/share/man/man1/;
			dstSubfolderSpec = 0;
			files = (
			);
			runOnlyForDeploymentPostprocessing = 1;
		};
/* End PBXCopyFilesBuildPhase section */

/* Begin PBXFileReference section */
		0318A9292357024D00C3CBD4 /* Grammar.md */ = {isa = PBXFileReference; lastKnownFileType = net.daringfireball.markdown; path = Grammar.md; sourceTree = "<group>"; };
		039CB0802355FDF5002D6F59 /* Dash */ = {isa = PBXFileReference; explicitFileType = "compiled.mach-o.executable"; includeInIndex = 0; path = Dash; sourceTree = BUILT_PRODUCTS_DIR; };
		039CB0832355FDF5002D6F59 /* main.swift */ = {isa = PBXFileReference; lastKnownFileType = sourcecode.swift; path = main.swift; sourceTree = "<group>"; };
		039CB08A23560048002D6F59 /* Dash.swift */ = {isa = PBXFileReference; lastKnownFileType = sourcecode.swift; path = Dash.swift; sourceTree = "<group>"; };
		039CB08C235607E7002D6F59 /* SysArgs.swift */ = {isa = PBXFileReference; lastKnownFileType = sourcecode.swift; path = SysArgs.swift; sourceTree = "<group>"; };
		039CB08E235608D2002D6F59 /* Errors.swift */ = {isa = PBXFileReference; lastKnownFileType = sourcecode.swift; path = Errors.swift; sourceTree = "<group>"; };
		03D9EF222356C08E009BC05A /* Scanner.swift */ = {isa = PBXFileReference; lastKnownFileType = sourcecode.swift; path = Scanner.swift; sourceTree = "<group>"; };
		03D9EF242356C09F009BC05A /* Token.swift */ = {isa = PBXFileReference; lastKnownFileType = sourcecode.swift; path = Token.swift; sourceTree = "<group>"; };
		03D9EF262356CA23009BC05A /* Extensions.swift */ = {isa = PBXFileReference; lastKnownFileType = sourcecode.swift; path = Extensions.swift; sourceTree = "<group>"; };
/* End PBXFileReference section */

/* Begin PBXFrameworksBuildPhase section */
		039CB07D2355FDF5002D6F59 /* Frameworks */ = {
			isa = PBXFrameworksBuildPhase;
			buildActionMask = 2147483647;
			files = (
			);
			runOnlyForDeploymentPostprocessing = 0;
		};
/* End PBXFrameworksBuildPhase section */

/* Begin PBXGroup section */
		0318A9282357023300C3CBD4 /* Resources */ = {
			isa = PBXGroup;
			children = (
				0318A9292357024D00C3CBD4 /* Grammar.md */,
			);
			path = Resources;
			sourceTree = "<group>";
		};
		03943BCE23560AD9008AEC9E /* Utilities */ = {
			isa = PBXGroup;
			children = (
				039CB08E235608D2002D6F59 /* Errors.swift */,
				03D9EF262356CA23009BC05A /* Extensions.swift */,
				039CB08C235607E7002D6F59 /* SysArgs.swift */,
			);
			name = Utilities;
			sourceTree = "<group>";
		};
		039CB0772355FDF5002D6F59 = {
			isa = PBXGroup;
			children = (
				039CB0822355FDF5002D6F59 /* Dash */,
				039CB0812355FDF5002D6F59 /* Products */,
			);
			sourceTree = "<group>";
		};
		039CB0812355FDF5002D6F59 /* Products */ = {
			isa = PBXGroup;
			children = (
				039CB0802355FDF5002D6F59 /* Dash */,
			);
			name = Products;
			sourceTree = "<group>";
		};
		039CB0822355FDF5002D6F59 /* Dash */ = {
			isa = PBXGroup;
			children = (
				0318A9282357023300C3CBD4 /* Resources */,
				03D9EF212356C077009BC05A /* Common */,
				03943BCE23560AD9008AEC9E /* Utilities */,
				039CB08A23560048002D6F59 /* Dash.swift */,
				039CB0832355FDF5002D6F59 /* main.swift */,
			);
			path = Dash;
			sourceTree = "<group>";
		};
		03D9EF212356C077009BC05A /* Common */ = {
			isa = PBXGroup;
			children = (
				03D9EF222356C08E009BC05A /* Scanner.swift */,
				03D9EF242356C09F009BC05A /* Token.swift */,
			);
			name = Common;
			sourceTree = "<group>";
		};
/* End PBXGroup section */

/* Begin PBXNativeTarget section */
		039CB07F2355FDF5002D6F59 /* Dash */ = {
			isa = PBXNativeTarget;
			buildConfigurationList = 039CB0872355FDF5002D6F59 /* Build configuration list for PBXNativeTarget "Dash" */;
			buildPhases = (
				039CB07C2355FDF5002D6F59 /* Sources */,
				039CB07D2355FDF5002D6F59 /* Frameworks */,
				039CB07E2355FDF5002D6F59 /* CopyFiles */,
			);
			buildRules = (
			);
			dependencies = (
			);
			name = Dash;
			productName = Dash;
			productReference = 039CB0802355FDF5002D6F59 /* Dash */;
			productType = "com.apple.product-type.tool";
		};
/* End PBXNativeTarget section */

/* Begin PBXProject section */
		039CB0782355FDF5002D6F59 /* Project object */ = {
			isa = PBXProject;
			attributes = {
				LastSwiftUpdateCheck = 1110;
				LastUpgradeCheck = 1110;
				ORGANIZATIONNAME = "Ta-Seen Islam";
				TargetAttributes = {
					039CB07F2355FDF5002D6F59 = {
						CreatedOnToolsVersion = 11.1;
					};
				};
			};
			buildConfigurationList = 039CB07B2355FDF5002D6F59 /* Build configuration list for PBXProject "Dash" */;
			compatibilityVersion = "Xcode 9.3";
			developmentRegion = en;
			hasScannedForEncodings = 0;
			knownRegions = (
				en,
				Base,
			);
			mainGroup = 039CB0772355FDF5002D6F59;
			productRefGroup = 039CB0812355FDF5002D6F59 /* Products */;
			projectDirPath = "";
			projectRoot = "";
			targets = (
				039CB07F2355FDF5002D6F59 /* Dash */,
			);
		};
/* End PBXProject section */

/* Begin PBXSourcesBuildPhase section */
		039CB07C2355FDF5002D6F59 /* Sources */ = {
			isa = PBXSourcesBuildPhase;
			buildActionMask = 2147483647;
			files = (
				039CB08F235608D2002D6F59 /* Errors.swift in Sources */,
				039CB0842355FDF5002D6F59 /* main.swift in Sources */,
				039CB08D235607E7002D6F59 /* SysArgs.swift in Sources */,
				03D9EF252356C09F009BC05A /* Token.swift in Sources */,
				03D9EF232356C08E009BC05A /* Scanner.swift in Sources */,
				039CB08B23560048002D6F59 /* Dash.swift in Sources */,
				03D9EF272356CA23009BC05A /* Extensions.swift in Sources */,
			);
			runOnlyForDeploymentPostprocessing = 0;
		};
/* End PBXSourcesBuildPhase section */

/* Begin XCBuildConfiguration section */
		039CB0852355FDF5002D6F59 /* Debug */ = {
			isa = XCBuildConfiguration;
			buildSettings = {
				ALWAYS_SEARCH_USER_PATHS = NO;
				CLANG_ANALYZER_NONNULL = YES;
				CLANG_ANALYZER_NUMBER_OBJECT_CONVERSION = YES_AGGRESSIVE;
				CLANG_CXX_LANGUAGE_STANDARD = "gnu++14";
				CLANG_CXX_LIBRARY = "libc++";
				CLANG_ENABLE_MODULES = YES;
				CLANG_ENABLE_OBJC_ARC = YES;
				CLANG_ENABLE_OBJC_WEAK = YES;
				CLANG_WARN_BLOCK_CAPTURE_AUTORELEASING = YES;
				CLANG_WARN_BOOL_CONVERSION = YES;
				CLANG_WARN_COMMA = YES;
				CLANG_WARN_CONSTANT_CONVERSION = YES;
				CLANG_WARN_DEPRECATED_OBJC_IMPLEMENTATIONS = YES;
				CLANG_WARN_DIRECT_OBJC_ISA_USAGE = YES_ERROR;
				CLANG_WARN_DOCUMENTATION_COMMENTS = YES;
				CLANG_WARN_EMPTY_BODY = YES;
				CLANG_WARN_ENUM_CONVERSION = YES;
				CLANG_WARN_INFINITE_RECURSION = YES;
				CLANG_WARN_INT_CONVERSION = YES;
				CLANG_WARN_NON_LITERAL_NULL_CONVERSION = YES;
				CLANG_WARN_OBJC_IMPLICIT_RETAIN_SELF = YES;
				CLANG_WARN_OBJC_LITERAL_CONVERSION = YES;
				CLANG_WARN_OBJC_ROOT_CLASS = YES_ERROR;
				CLANG_WARN_RANGE_LOOP_ANALYSIS = YES;
				CLANG_WARN_STRICT_PROTOTYPES = YES;
				CLANG_WARN_SUSPICIOUS_MOVE = YES;
				CLANG_WARN_UNGUARDED_AVAILABILITY = YES_AGGRESSIVE;
				CLANG_WARN_UNREACHABLE_CODE = YES;
				CLANG_WARN__DUPLICATE_METHOD_MATCH = YES;
				COPY_PHASE_STRIP = NO;
				DEBUG_INFORMATION_FORMAT = dwarf;
				ENABLE_STRICT_OBJC_MSGSEND = YES;
				ENABLE_TESTABILITY = YES;
				GCC_C_LANGUAGE_STANDARD = gnu11;
				GCC_DYNAMIC_NO_PIC = NO;
				GCC_NO_COMMON_BLOCKS = YES;
				GCC_OPTIMIZATION_LEVEL = 0;
				GCC_PREPROCESSOR_DEFINITIONS = (
					"DEBUG=1",
					"$(inherited)",
				);
				GCC_WARN_64_TO_32_BIT_CONVERSION = YES;
				GCC_WARN_ABOUT_RETURN_TYPE = YES_ERROR;
				GCC_WARN_UNDECLARED_SELECTOR = YES;
				GCC_WARN_UNINITIALIZED_AUTOS = YES_AGGRESSIVE;
				GCC_WARN_UNUSED_FUNCTION = YES;
				GCC_WARN_UNUSED_VARIABLE = YES;
				MACOSX_DEPLOYMENT_TARGET = 10.15;
				MTL_ENABLE_DEBUG_INFO = INCLUDE_SOURCE;
				MTL_FAST_MATH = YES;
				ONLY_ACTIVE_ARCH = YES;
				SDKROOT = macosx;
				SWIFT_ACTIVE_COMPILATION_CONDITIONS = DEBUG;
				SWIFT_OPTIMIZATION_LEVEL = "-Onone";
			};
			name = Debug;
		};
		039CB0862355FDF5002D6F59 /* Release */ = {
			isa = XCBuildConfiguration;
			buildSettings = {
				ALWAYS_SEARCH_USER_PATHS = NO;
				CLANG_ANALYZER_NONNULL = YES;
				CLANG_ANALYZER_NUMBER_OBJECT_CONVERSION = YES_AGGRESSIVE;
				CLANG_CXX_LANGUAGE_STANDARD = "gnu++14";
				CLANG_CXX_LIBRARY = "libc++";
				CLANG_ENABLE_MODULES = YES;
				CLANG_ENABLE_OBJC_ARC = YES;
				CLANG_ENABLE_OBJC_WEAK = YES;
				CLANG_WARN_BLOCK_CAPTURE_AUTORELEASING = YES;
				CLANG_WARN_BOOL_CONVERSION = YES;
				CLANG_WARN_COMMA = YES;
				CLANG_WARN_CONSTANT_CONVERSION = YES;
				CLANG_WARN_DEPRECATED_OBJC_IMPLEMENTATIONS = YES;
				CLANG_WARN_DIRECT_OBJC_ISA_USAGE = YES_ERROR;
				CLANG_WARN_DOCUMENTATION_COMMENTS = YES;
				CLANG_WARN_EMPTY_BODY = YES;
				CLANG_WARN_ENUM_CONVERSION = YES;
				CLANG_WARN_INFINITE_RECURSION = YES;
				CLANG_WARN_INT_CONVERSION = YES;
				CLANG_WARN_NON_LITERAL_NULL_CONVERSION = YES;
				CLANG_WARN_OBJC_IMPLICIT_RETAIN_SELF = YES;
				CLANG_WARN_OBJC_LITERAL_CONVERSION = YES;
				CLANG_WARN_OBJC_ROOT_CLASS = YES_ERROR;
				CLANG_WARN_RANGE_LOOP_ANALYSIS = YES;
				CLANG_WARN_STRICT_PROTOTYPES = YES;
				CLANG_WARN_SUSPICIOUS_MOVE = YES;
				CLANG_WARN_UNGUARDED_AVAILABILITY = YES_AGGRESSIVE;
				CLANG_WARN_UNREACHABLE_CODE = YES;
				CLANG_WARN__DUPLICATE_METHOD_MATCH = YES;
				COPY_PHASE_STRIP = NO;
				DEBUG_INFORMATION_FORMAT = "dwarf-with-dsym";
				ENABLE_NS_ASSERTIONS = NO;
				ENABLE_STRICT_OBJC_MSGSEND = YES;
				GCC_C_LANGUAGE_STANDARD = gnu11;
				GCC_NO_COMMON_BLOCKS = YES;
				GCC_WARN_64_TO_32_BIT_CONVERSION = YES;
				GCC_WARN_ABOUT_RETURN_TYPE = YES_ERROR;
				GCC_WARN_UNDECLARED_SELECTOR = YES;
				GCC_WARN_UNINITIALIZED_AUTOS = YES_AGGRESSIVE;
				GCC_WARN_UNUSED_FUNCTION = YES;
				GCC_WARN_UNUSED_VARIABLE = YES;
				MACOSX_DEPLOYMENT_TARGET = 10.15;
				MTL_ENABLE_DEBUG_INFO = NO;
				MTL_FAST_MATH = YES;
				SDKROOT = macosx;
				SWIFT_COMPILATION_MODE = wholemodule;
				SWIFT_OPTIMIZATION_LEVEL = "-O";
			};
			name = Release;
		};
		039CB0882355FDF5002D6F59 /* Debug */ = {
			isa = XCBuildConfiguration;
			buildSettings = {
				CODE_SIGN_STYLE = Automatic;
				DEVELOPMENT_TEAM = U6U57XLHZD;
				ENABLE_HARDENED_RUNTIME = YES;
				PRODUCT_NAME = "$(TARGET_NAME)";
				SWIFT_VERSION = 5.0;
			};
			name = Debug;
		};
		039CB0892355FDF5002D6F59 /* Release */ = {
			isa = XCBuildConfiguration;
			buildSettings = {
				CODE_SIGN_STYLE = Automatic;
				DEVELOPMENT_TEAM = U6U57XLHZD;
				ENABLE_HARDENED_RUNTIME = YES;
				PRODUCT_NAME = "$(TARGET_NAME)";
				SWIFT_VERSION = 5.0;
			};
			name = Release;
		};
/* End XCBuildConfiguration section */

/* Begin XCConfigurationList section */
		039CB07B2355FDF5002D6F59 /* Build configuration list for PBXProject "Dash" */ = {
			isa = XCConfigurationList;
			buildConfigurations = (
				039CB0852355FDF5002D6F59 /* Debug */,
				039CB0862355FDF5002D6F59 /* Release */,
			);
			defaultConfigurationIsVisible = 0;
			defaultConfigurationName = Release;
		};
		039CB0872355FDF5002D6F59 /* Build configuration list for PBXNativeTarget "Dash" */ = {
			isa = XCConfigurationList;
			buildConfigurations = (
				039CB0882355FDF5002D6F59 /* Debug */,
				039CB0892355FDF5002D6F59 /* Release */,
			);
			defaultConfigurationIsVisible = 0;
			defaultConfigurationName = Release;
		};
/* End XCConfigurationList section */
	};
	rootObject = 039CB0782355FDF5002D6F59 /* Project object */;
}
