// !$*UTF8*$!
{
	archiveVersion = 1;
	classes = {
	};
	objectVersion = 50;
	objects = {

/* Begin PBXBuildFile section */
		030640A32362C87C00F49CE8 /* Stmt.swift in Sources */ = {isa = PBXBuildFile; fileRef = 030640A22362C87C00F49CE8 /* Stmt.swift */; };
		030640A52362C9C900F49CE8 /* BlockStmt.swift in Sources */ = {isa = PBXBuildFile; fileRef = 030640A42362C9C900F49CE8 /* BlockStmt.swift */; };
		030640A72362C9D300F49CE8 /* ClassStmt.swift in Sources */ = {isa = PBXBuildFile; fileRef = 030640A62362C9D300F49CE8 /* ClassStmt.swift */; };
		030640A92362C9E000F49CE8 /* ExpressionStmt.swift in Sources */ = {isa = PBXBuildFile; fileRef = 030640A82362C9DF00F49CE8 /* ExpressionStmt.swift */; };
		030640AB2362C9F100F49CE8 /* FunctionStmt.swift in Sources */ = {isa = PBXBuildFile; fileRef = 030640AA2362C9F100F49CE8 /* FunctionStmt.swift */; };
		030640AD2362CA0500F49CE8 /* IfStmt.swift in Sources */ = {isa = PBXBuildFile; fileRef = 030640AC2362CA0500F49CE8 /* IfStmt.swift */; };
		030640AF2362CA0C00F49CE8 /* ShowStmt.swift in Sources */ = {isa = PBXBuildFile; fileRef = 030640AE2362CA0C00F49CE8 /* ShowStmt.swift */; };
		030640B12362CA1E00F49CE8 /* ReturnStmt.swift in Sources */ = {isa = PBXBuildFile; fileRef = 030640B02362CA1E00F49CE8 /* ReturnStmt.swift */; };
		030640B32362CA2300F49CE8 /* VarStmt.swift in Sources */ = {isa = PBXBuildFile; fileRef = 030640B22362CA2300F49CE8 /* VarStmt.swift */; };
		030640B52362CA2B00F49CE8 /* WhileStmt.swift in Sources */ = {isa = PBXBuildFile; fileRef = 030640B42362CA2B00F49CE8 /* WhileStmt.swift */; };
		0318A92B235703EA00C3CBD4 /* Expr.swift in Sources */ = {isa = PBXBuildFile; fileRef = 0318A92A235703EA00C3CBD4 /* Expr.swift */; };
		032A662B2357385100226228 /* BinaryExpr.swift in Sources */ = {isa = PBXBuildFile; fileRef = 032A662A2357385100226228 /* BinaryExpr.swift */; };
		032A662D2357385F00226228 /* GroupingExpr.swift in Sources */ = {isa = PBXBuildFile; fileRef = 032A662C2357385F00226228 /* GroupingExpr.swift */; };
		032A662F2357387B00226228 /* LiteralExpr.swift in Sources */ = {isa = PBXBuildFile; fileRef = 032A662E2357387B00226228 /* LiteralExpr.swift */; };
		032A66312357388100226228 /* UnaryExpr.swift in Sources */ = {isa = PBXBuildFile; fileRef = 032A66302357388100226228 /* UnaryExpr.swift */; };
		032A663323573A8200226228 /* AstPrinter.swift in Sources */ = {isa = PBXBuildFile; fileRef = 032A663223573A8200226228 /* AstPrinter.swift */; };
		03448A6A2361D7F000A4EA6F /* Interpreter.swift in Sources */ = {isa = PBXBuildFile; fileRef = 03448A692361D7F000A4EA6F /* Interpreter.swift */; };
		035978172366A234003CD20E /* CallExpr.swift in Sources */ = {isa = PBXBuildFile; fileRef = 035978162366A234003CD20E /* CallExpr.swift */; };
		03992C282365AB86005A40D2 /* LogicalExpr.swift in Sources */ = {isa = PBXBuildFile; fileRef = 03992C272365AB86005A40D2 /* LogicalExpr.swift */; };
		039CB0842355FDF5002D6F59 /* main.swift in Sources */ = {isa = PBXBuildFile; fileRef = 039CB0832355FDF5002D6F59 /* main.swift */; };
		039CB08B23560048002D6F59 /* Dash.swift in Sources */ = {isa = PBXBuildFile; fileRef = 039CB08A23560048002D6F59 /* Dash.swift */; };
		039CB08D235607E7002D6F59 /* SysArgs.swift in Sources */ = {isa = PBXBuildFile; fileRef = 039CB08C235607E7002D6F59 /* SysArgs.swift */; };
		039CB08F235608D2002D6F59 /* Errors.swift in Sources */ = {isa = PBXBuildFile; fileRef = 039CB08E235608D2002D6F59 /* Errors.swift */; };
		03A97EF72363FF29008F25EA /* VariableExpr.swift in Sources */ = {isa = PBXBuildFile; fileRef = 03A97EF62363FF29008F25EA /* VariableExpr.swift */; };
		03A97EFB2364115D008F25EA /* Environment.swift in Sources */ = {isa = PBXBuildFile; fileRef = 03A97EFA2364115D008F25EA /* Environment.swift */; };
		03A97EFD23644237008F25EA /* AssignExpr.swift in Sources */ = {isa = PBXBuildFile; fileRef = 03A97EFC23644237008F25EA /* AssignExpr.swift */; };
		03C0974F236178970061F649 /* Parser.swift in Sources */ = {isa = PBXBuildFile; fileRef = 03C0974E236178970061F649 /* Parser.swift */; };
		03D9EF232356C08E009BC05A /* Scanner.swift in Sources */ = {isa = PBXBuildFile; fileRef = 03D9EF222356C08E009BC05A /* Scanner.swift */; };
		03D9EF252356C09F009BC05A /* Token.swift in Sources */ = {isa = PBXBuildFile; fileRef = 03D9EF242356C09F009BC05A /* Token.swift */; };
		03D9EF272356CA23009BC05A /* Extensions.swift in Sources */ = {isa = PBXBuildFile; fileRef = 03D9EF262356CA23009BC05A /* Extensions.swift */; };
/* End PBXBuildFile section */

/* Begin PBXCopyFilesBuildPhase section */
		039CB07E2355FDF5002D6F59 /* CopyFiles */ = {
			isa = PBXCopyFilesBuildPhase;
			buildActionMask = 2147483647;
			dstPath = /usr/share/man/man1/;
			dstSubfolderSpec = 0;
			files = (
			);
			runOnlyForDeploymentPostprocessing = 1;
		};
/* End PBXCopyFilesBuildPhase section */

/* Begin PBXFileReference section */
		030640A22362C87C00F49CE8 /* Stmt.swift */ = {isa = PBXFileReference; lastKnownFileType = sourcecode.swift; path = Stmt.swift; sourceTree = "<group>"; };
		030640A42362C9C900F49CE8 /* BlockStmt.swift */ = {isa = PBXFileReference; lastKnownFileType = sourcecode.swift; path = BlockStmt.swift; sourceTree = "<group>"; };
		030640A62362C9D300F49CE8 /* ClassStmt.swift */ = {isa = PBXFileReference; lastKnownFileType = sourcecode.swift; path = ClassStmt.swift; sourceTree = "<group>"; };
		030640A82362C9DF00F49CE8 /* ExpressionStmt.swift */ = {isa = PBXFileReference; lastKnownFileType = sourcecode.swift; path = ExpressionStmt.swift; sourceTree = "<group>"; };
		030640AA2362C9F100F49CE8 /* FunctionStmt.swift */ = {isa = PBXFileReference; lastKnownFileType = sourcecode.swift; path = FunctionStmt.swift; sourceTree = "<group>"; };
		030640AC2362CA0500F49CE8 /* IfStmt.swift */ = {isa = PBXFileReference; lastKnownFileType = sourcecode.swift; path = IfStmt.swift; sourceTree = "<group>"; };
		030640AE2362CA0C00F49CE8 /* ShowStmt.swift */ = {isa = PBXFileReference; lastKnownFileType = sourcecode.swift; path = ShowStmt.swift; sourceTree = "<group>"; };
		030640B02362CA1E00F49CE8 /* ReturnStmt.swift */ = {isa = PBXFileReference; lastKnownFileType = sourcecode.swift; path = ReturnStmt.swift; sourceTree = "<group>"; };
		030640B22362CA2300F49CE8 /* VarStmt.swift */ = {isa = PBXFileReference; lastKnownFileType = sourcecode.swift; path = VarStmt.swift; sourceTree = "<group>"; };
		030640B42362CA2B00F49CE8 /* WhileStmt.swift */ = {isa = PBXFileReference; lastKnownFileType = sourcecode.swift; path = WhileStmt.swift; sourceTree = "<group>"; };
		0318A9292357024D00C3CBD4 /* Grammar.md */ = {isa = PBXFileReference; lastKnownFileType = net.daringfireball.markdown; path = Grammar.md; sourceTree = "<group>"; };
		0318A92A235703EA00C3CBD4 /* Expr.swift */ = {isa = PBXFileReference; lastKnownFileType = sourcecode.swift; path = Expr.swift; sourceTree = "<group>"; };
		032A662A2357385100226228 /* BinaryExpr.swift */ = {isa = PBXFileReference; lastKnownFileType = sourcecode.swift; path = BinaryExpr.swift; sourceTree = "<group>"; };
		032A662C2357385F00226228 /* GroupingExpr.swift */ = {isa = PBXFileReference; lastKnownFileType = sourcecode.swift; path = GroupingExpr.swift; sourceTree = "<group>"; };
		032A662E2357387B00226228 /* LiteralExpr.swift */ = {isa = PBXFileReference; lastKnownFileType = sourcecode.swift; path = LiteralExpr.swift; sourceTree = "<group>"; };
		032A66302357388100226228 /* UnaryExpr.swift */ = {isa = PBXFileReference; lastKnownFileType = sourcecode.swift; path = UnaryExpr.swift; sourceTree = "<group>"; };
		032A663223573A8200226228 /* AstPrinter.swift */ = {isa = PBXFileReference; lastKnownFileType = sourcecode.swift; path = AstPrinter.swift; sourceTree = "<group>"; };
		03448A692361D7F000A4EA6F /* Interpreter.swift */ = {isa = PBXFileReference; lastKnownFileType = sourcecode.swift; path = Interpreter.swift; sourceTree = "<group>"; };
		035978162366A234003CD20E /* CallExpr.swift */ = {isa = PBXFileReference; lastKnownFileType = sourcecode.swift; path = CallExpr.swift; sourceTree = "<group>"; };
		03992C272365AB86005A40D2 /* LogicalExpr.swift */ = {isa = PBXFileReference; lastKnownFileType = sourcecode.swift; path = LogicalExpr.swift; sourceTree = "<group>"; };
		039CB0802355FDF5002D6F59 /* Dash */ = {isa = PBXFileReference; explicitFileType = "compiled.mach-o.executable"; includeInIndex = 0; path = Dash; sourceTree = BUILT_PRODUCTS_DIR; };
		039CB0832355FDF5002D6F59 /* main.swift */ = {isa = PBXFileReference; lastKnownFileType = sourcecode.swift; path = main.swift; sourceTree = "<group>"; };
		039CB08A23560048002D6F59 /* Dash.swift */ = {isa = PBXFileReference; lastKnownFileType = sourcecode.swift; path = Dash.swift; sourceTree = "<group>"; };
		039CB08C235607E7002D6F59 /* SysArgs.swift */ = {isa = PBXFileReference; lastKnownFileType = sourcecode.swift; path = SysArgs.swift; sourceTree = "<group>"; };
		039CB08E235608D2002D6F59 /* Errors.swift */ = {isa = PBXFileReference; lastKnownFileType = sourcecode.swift; path = Errors.swift; sourceTree = "<group>"; };
		03A97EF62363FF29008F25EA /* VariableExpr.swift */ = {isa = PBXFileReference; lastKnownFileType = sourcecode.swift; path = VariableExpr.swift; sourceTree = "<group>"; };
		03A97EFA2364115D008F25EA /* Environment.swift */ = {isa = PBXFileReference; lastKnownFileType = sourcecode.swift; path = Environment.swift; sourceTree = "<group>"; };
		03A97EFC23644237008F25EA /* AssignExpr.swift */ = {isa = PBXFileReference; lastKnownFileType = sourcecode.swift; path = AssignExpr.swift; sourceTree = "<group>"; };
		03C0974E236178970061F649 /* Parser.swift */ = {isa = PBXFileReference; lastKnownFileType = sourcecode.swift; path = Parser.swift; sourceTree = "<group>"; };
		03D9EF222356C08E009BC05A /* Scanner.swift */ = {isa = PBXFileReference; lastKnownFileType = sourcecode.swift; path = Scanner.swift; sourceTree = "<group>"; };
		03D9EF242356C09F009BC05A /* Token.swift */ = {isa = PBXFileReference; lastKnownFileType = sourcecode.swift; path = Token.swift; sourceTree = "<group>"; };
		03D9EF262356CA23009BC05A /* Extensions.swift */ = {isa = PBXFileReference; lastKnownFileType = sourcecode.swift; path = Extensions.swift; sourceTree = "<group>"; };
/* End PBXFileReference section */

/* Begin PBXFrameworksBuildPhase section */
		039CB07D2355FDF5002D6F59 /* Frameworks */ = {
			isa = PBXFrameworksBuildPhase;
			buildActionMask = 2147483647;
			files = (
			);
			runOnlyForDeploymentPostprocessing = 0;
		};
/* End PBXFrameworksBuildPhase section */

/* Begin PBXGroup section */
		0318A9282357023300C3CBD4 /* Resources */ = {
			isa = PBXGroup;
			children = (
				0318A9292357024D00C3CBD4 /* Grammar.md */,
			);
			path = Resources;
			sourceTree = "<group>";
		};
		03949244248F44B5000E3DC8 /* Utilities */ = {
			isa = PBXGroup;
			children = (
				032A663223573A8200226228 /* AstPrinter.swift */,
				039CB08E235608D2002D6F59 /* Errors.swift */,
				03D9EF262356CA23009BC05A /* Extensions.swift */,
				039CB08C235607E7002D6F59 /* SysArgs.swift */,
			);
			path = Utilities;
			sourceTree = "<group>";
		};
		0394924A248F4558000E3DC8 /* Common */ = {
			isa = PBXGroup;
			children = (
				0394924C248F4573000E3DC8 /* Expr */,
				0394924B248F4567000E3DC8 /* Stmt */,
				03A97EFA2364115D008F25EA /* Environment.swift */,
				03448A692361D7F000A4EA6F /* Interpreter.swift */,
				03C0974E236178970061F649 /* Parser.swift */,
				03D9EF222356C08E009BC05A /* Scanner.swift */,
				03D9EF242356C09F009BC05A /* Token.swift */,
			);
			path = Common;
			sourceTree = "<group>";
		};
		0394924B248F4567000E3DC8 /* Stmt */ = {
			isa = PBXGroup;
			children = (
				030640A22362C87C00F49CE8 /* Stmt.swift */,
				030640A42362C9C900F49CE8 /* BlockStmt.swift */,
				030640A62362C9D300F49CE8 /* ClassStmt.swift */,
				030640A82362C9DF00F49CE8 /* ExpressionStmt.swift */,
				030640AA2362C9F100F49CE8 /* FunctionStmt.swift */,
				030640AC2362CA0500F49CE8 /* IfStmt.swift */,
				030640AE2362CA0C00F49CE8 /* ShowStmt.swift */,
				030640B02362CA1E00F49CE8 /* ReturnStmt.swift */,
				030640B22362CA2300F49CE8 /* VarStmt.swift */,
				030640B42362CA2B00F49CE8 /* WhileStmt.swift */,
			);
			path = Stmt;
			sourceTree = "<group>";
		};
		0394924C248F4573000E3DC8 /* Expr */ = {
			isa = PBXGroup;
			children = (
				0318A92A235703EA00C3CBD4 /* Expr.swift */,
				03A97EFC23644237008F25EA /* AssignExpr.swift */,
				032A662A2357385100226228 /* BinaryExpr.swift */,
				035978162366A234003CD20E /* CallExpr.swift */,
				032A662C2357385F00226228 /* GroupingExpr.swift */,
				032A662E2357387B00226228 /* LiteralExpr.swift */,
				03992C272365AB86005A40D2 /* LogicalExpr.swift */,
				032A66302357388100226228 /* UnaryExpr.swift */,
				03A97EF62363FF29008F25EA /* VariableExpr.swift */,
			);
			path = Expr;
			sourceTree = "<group>";
		};
		039CB0772355FDF5002D6F59 = {
			isa = PBXGroup;
			children = (
				039CB0822355FDF5002D6F59 /* Dash */,
				039CB0812355FDF5002D6F59 /* Products */,
			);
			sourceTree = "<group>";
		};
		039CB0812355FDF5002D6F59 /* Products */ = {
			isa = PBXGroup;
			children = (
				039CB0802355FDF5002D6F59 /* Dash */,
			);
			name = Products;
			sourceTree = "<group>";
		};
		039CB0822355FDF5002D6F59 /* Dash */ = {
			isa = PBXGroup;
			children = (
				0318A9282357023300C3CBD4 /* Resources */,
				0394924A248F4558000E3DC8 /* Common */,
				03949244248F44B5000E3DC8 /* Utilities */,
				039CB08A23560048002D6F59 /* Dash.swift */,
				039CB0832355FDF5002D6F59 /* main.swift */,
			);
			path = Dash;
			sourceTree = "<group>";
		};
/* End PBXGroup section */

/* Begin PBXNativeTarget section */
		039CB07F2355FDF5002D6F59 /* Dash */ = {
			isa = PBXNativeTarget;
			buildConfigurationList = 039CB0872355FDF5002D6F59 /* Build configuration list for PBXNativeTarget "Dash" */;
			buildPhases = (
				039CB07C2355FDF5002D6F59 /* Sources */,
				039CB07D2355FDF5002D6F59 /* Frameworks */,
				039CB07E2355FDF5002D6F59 /* CopyFiles */,
			);
			buildRules = (
			);
			dependencies = (
			);
			name = Dash;
			productName = Dash;
			productReference = 039CB0802355FDF5002D6F59 /* Dash */;
			productType = "com.apple.product-type.tool";
		};
/* End PBXNativeTarget section */

/* Begin PBXProject section */
		039CB0782355FDF5002D6F59 /* Project object */ = {
			isa = PBXProject;
			attributes = {
				LastSwiftUpdateCheck = 1110;
				LastUpgradeCheck = 1150;
				ORGANIZATIONNAME = "Ta-Seen Islam";
				TargetAttributes = {
					039CB07F2355FDF5002D6F59 = {
						CreatedOnToolsVersion = 11.1;
					};
				};
			};
			buildConfigurationList = 039CB07B2355FDF5002D6F59 /* Build configuration list for PBXProject "Dash" */;
			compatibilityVersion = "Xcode 9.3";
			developmentRegion = en;
			hasScannedForEncodings = 0;
			knownRegions = (
				en,
				Base,
			);
			mainGroup = 039CB0772355FDF5002D6F59;
			productRefGroup = 039CB0812355FDF5002D6F59 /* Products */;
			projectDirPath = "";
			projectRoot = "";
			targets = (
				039CB07F2355FDF5002D6F59 /* Dash */,
			);
		};
/* End PBXProject section */

/* Begin PBXSourcesBuildPhase section */
		039CB07C2355FDF5002D6F59 /* Sources */ = {
			isa = PBXSourcesBuildPhase;
			buildActionMask = 2147483647;
			files = (
				032A66312357388100226228 /* UnaryExpr.swift in Sources */,
				039CB08F235608D2002D6F59 /* Errors.swift in Sources */,
				03A97EF72363FF29008F25EA /* VariableExpr.swift in Sources */,
				039CB0842355FDF5002D6F59 /* main.swift in Sources */,
				039CB08D235607E7002D6F59 /* SysArgs.swift in Sources */,
				030640A52362C9C900F49CE8 /* BlockStmt.swift in Sources */,
				030640AD2362CA0500F49CE8 /* IfStmt.swift in Sources */,
				03A97EFD23644237008F25EA /* AssignExpr.swift in Sources */,
				03D9EF252356C09F009BC05A /* Token.swift in Sources */,
				030640A72362C9D300F49CE8 /* ClassStmt.swift in Sources */,
				035978172366A234003CD20E /* CallExpr.swift in Sources */,
				0318A92B235703EA00C3CBD4 /* Expr.swift in Sources */,
				030640B32362CA2300F49CE8 /* VarStmt.swift in Sources */,
				030640A92362C9E000F49CE8 /* ExpressionStmt.swift in Sources */,
				030640AF2362CA0C00F49CE8 /* ShowStmt.swift in Sources */,
				03C0974F236178970061F649 /* Parser.swift in Sources */,
				032A663323573A8200226228 /* AstPrinter.swift in Sources */,
				03D9EF232356C08E009BC05A /* Scanner.swift in Sources */,
				03448A6A2361D7F000A4EA6F /* Interpreter.swift in Sources */,
				03992C282365AB86005A40D2 /* LogicalExpr.swift in Sources */,
				039CB08B23560048002D6F59 /* Dash.swift in Sources */,
				032A662D2357385F00226228 /* GroupingExpr.swift in Sources */,
				03D9EF272356CA23009BC05A /* Extensions.swift in Sources */,
				030640A32362C87C00F49CE8 /* Stmt.swift in Sources */,
				030640B12362CA1E00F49CE8 /* ReturnStmt.swift in Sources */,
				03A97EFB2364115D008F25EA /* Environment.swift in Sources */,
				032A662B2357385100226228 /* BinaryExpr.swift in Sources */,
				032A662F2357387B00226228 /* LiteralExpr.swift in Sources */,
				030640AB2362C9F100F49CE8 /* FunctionStmt.swift in Sources */,
				030640B52362CA2B00F49CE8 /* WhileStmt.swift in Sources */,
			);
			runOnlyForDeploymentPostprocessing = 0;
		};
/* End PBXSourcesBuildPhase section */

/* Begin XCBuildConfiguration section */
		039CB0852355FDF5002D6F59 /* Debug */ = {
			isa = XCBuildConfiguration;
			buildSettings = {
				ALWAYS_SEARCH_USER_PATHS = NO;
				CLANG_ANALYZER_NONNULL = YES;
				CLANG_ANALYZER_NUMBER_OBJECT_CONVERSION = YES_AGGRESSIVE;
				CLANG_CXX_LANGUAGE_STANDARD = "gnu++14";
				CLANG_CXX_LIBRARY = "libc++";
				CLANG_ENABLE_MODULES = YES;
				CLANG_ENABLE_OBJC_ARC = YES;
				CLANG_ENABLE_OBJC_WEAK = YES;
				CLANG_WARN_BLOCK_CAPTURE_AUTORELEASING = YES;
				CLANG_WARN_BOOL_CONVERSION = YES;
				CLANG_WARN_COMMA = YES;
				CLANG_WARN_CONSTANT_CONVERSION = YES;
				CLANG_WARN_DEPRECATED_OBJC_IMPLEMENTATIONS = YES;
				CLANG_WARN_DIRECT_OBJC_ISA_USAGE = YES_ERROR;
				CLANG_WARN_DOCUMENTATION_COMMENTS = YES;
				CLANG_WARN_EMPTY_BODY = YES;
				CLANG_WARN_ENUM_CONVERSION = YES;
				CLANG_WARN_INFINITE_RECURSION = YES;
				CLANG_WARN_INT_CONVERSION = YES;
				CLANG_WARN_NON_LITERAL_NULL_CONVERSION = YES;
				CLANG_WARN_OBJC_IMPLICIT_RETAIN_SELF = YES;
				CLANG_WARN_OBJC_LITERAL_CONVERSION = YES;
				CLANG_WARN_OBJC_ROOT_CLASS = YES_ERROR;
				CLANG_WARN_RANGE_LOOP_ANALYSIS = YES;
				CLANG_WARN_STRICT_PROTOTYPES = YES;
				CLANG_WARN_SUSPICIOUS_MOVE = YES;
				CLANG_WARN_UNGUARDED_AVAILABILITY = YES_AGGRESSIVE;
				CLANG_WARN_UNREACHABLE_CODE = YES;
				CLANG_WARN__DUPLICATE_METHOD_MATCH = YES;
				COPY_PHASE_STRIP = NO;
				DEBUG_INFORMATION_FORMAT = dwarf;
				ENABLE_STRICT_OBJC_MSGSEND = YES;
				ENABLE_TESTABILITY = YES;
				GCC_C_LANGUAGE_STANDARD = gnu11;
				GCC_DYNAMIC_NO_PIC = NO;
				GCC_NO_COMMON_BLOCKS = YES;
				GCC_OPTIMIZATION_LEVEL = 0;
				GCC_PREPROCESSOR_DEFINITIONS = (
					"DEBUG=1",
					"$(inherited)",
				);
				GCC_WARN_64_TO_32_BIT_CONVERSION = YES;
				GCC_WARN_ABOUT_RETURN_TYPE = YES_ERROR;
				GCC_WARN_UNDECLARED_SELECTOR = YES;
				GCC_WARN_UNINITIALIZED_AUTOS = YES_AGGRESSIVE;
				GCC_WARN_UNUSED_FUNCTION = YES;
				GCC_WARN_UNUSED_VARIABLE = YES;
				MACOSX_DEPLOYMENT_TARGET = 10.15;
				MTL_ENABLE_DEBUG_INFO = INCLUDE_SOURCE;
				MTL_FAST_MATH = YES;
				ONLY_ACTIVE_ARCH = YES;
				SDKROOT = macosx;
				SWIFT_ACTIVE_COMPILATION_CONDITIONS = DEBUG;
				SWIFT_OPTIMIZATION_LEVEL = "-Onone";
			};
			name = Debug;
		};
		039CB0862355FDF5002D6F59 /* Release */ = {
			isa = XCBuildConfiguration;
			buildSettings = {
				ALWAYS_SEARCH_USER_PATHS = NO;
				CLANG_ANALYZER_NONNULL = YES;
				CLANG_ANALYZER_NUMBER_OBJECT_CONVERSION = YES_AGGRESSIVE;
				CLANG_CXX_LANGUAGE_STANDARD = "gnu++14";
				CLANG_CXX_LIBRARY = "libc++";
				CLANG_ENABLE_MODULES = YES;
				CLANG_ENABLE_OBJC_ARC = YES;
				CLANG_ENABLE_OBJC_WEAK = YES;
				CLANG_WARN_BLOCK_CAPTURE_AUTORELEASING = YES;
				CLANG_WARN_BOOL_CONVERSION = YES;
				CLANG_WARN_COMMA = YES;
				CLANG_WARN_CONSTANT_CONVERSION = YES;
				CLANG_WARN_DEPRECATED_OBJC_IMPLEMENTATIONS = YES;
				CLANG_WARN_DIRECT_OBJC_ISA_USAGE = YES_ERROR;
				CLANG_WARN_DOCUMENTATION_COMMENTS = YES;
				CLANG_WARN_EMPTY_BODY = YES;
				CLANG_WARN_ENUM_CONVERSION = YES;
				CLANG_WARN_INFINITE_RECURSION = YES;
				CLANG_WARN_INT_CONVERSION = YES;
				CLANG_WARN_NON_LITERAL_NULL_CONVERSION = YES;
				CLANG_WARN_OBJC_IMPLICIT_RETAIN_SELF = YES;
				CLANG_WARN_OBJC_LITERAL_CONVERSION = YES;
				CLANG_WARN_OBJC_ROOT_CLASS = YES_ERROR;
				CLANG_WARN_RANGE_LOOP_ANALYSIS = YES;
				CLANG_WARN_STRICT_PROTOTYPES = YES;
				CLANG_WARN_SUSPICIOUS_MOVE = YES;
				CLANG_WARN_UNGUARDED_AVAILABILITY = YES_AGGRESSIVE;
				CLANG_WARN_UNREACHABLE_CODE = YES;
				CLANG_WARN__DUPLICATE_METHOD_MATCH = YES;
				COPY_PHASE_STRIP = NO;
				DEBUG_INFORMATION_FORMAT = "dwarf-with-dsym";
				ENABLE_NS_ASSERTIONS = NO;
				ENABLE_STRICT_OBJC_MSGSEND = YES;
				GCC_C_LANGUAGE_STANDARD = gnu11;
				GCC_NO_COMMON_BLOCKS = YES;
				GCC_WARN_64_TO_32_BIT_CONVERSION = YES;
				GCC_WARN_ABOUT_RETURN_TYPE = YES_ERROR;
				GCC_WARN_UNDECLARED_SELECTOR = YES;
				GCC_WARN_UNINITIALIZED_AUTOS = YES_AGGRESSIVE;
				GCC_WARN_UNUSED_FUNCTION = YES;
				GCC_WARN_UNUSED_VARIABLE = YES;
				MACOSX_DEPLOYMENT_TARGET = 10.15;
				MTL_ENABLE_DEBUG_INFO = NO;
				MTL_FAST_MATH = YES;
				SDKROOT = macosx;
				SWIFT_COMPILATION_MODE = wholemodule;
				SWIFT_OPTIMIZATION_LEVEL = "-O";
			};
			name = Release;
		};
		039CB0882355FDF5002D6F59 /* Debug */ = {
			isa = XCBuildConfiguration;
			buildSettings = {
				CODE_SIGN_IDENTITY = "-";
				CODE_SIGN_STYLE = Automatic;
				DEVELOPMENT_TEAM = U6U57XLHZD;
				ENABLE_HARDENED_RUNTIME = YES;
				PRODUCT_NAME = "$(TARGET_NAME)";
				SWIFT_VERSION = 5.0;
			};
			name = Debug;
		};
		039CB0892355FDF5002D6F59 /* Release */ = {
			isa = XCBuildConfiguration;
			buildSettings = {
				CODE_SIGN_IDENTITY = "-";
				CODE_SIGN_STYLE = Automatic;
				DEVELOPMENT_TEAM = U6U57XLHZD;
				ENABLE_HARDENED_RUNTIME = YES;
				PRODUCT_NAME = "$(TARGET_NAME)";
				SWIFT_VERSION = 5.0;
			};
			name = Release;
		};
/* End XCBuildConfiguration section */

/* Begin XCConfigurationList section */
		039CB07B2355FDF5002D6F59 /* Build configuration list for PBXProject "Dash" */ = {
			isa = XCConfigurationList;
			buildConfigurations = (
				039CB0852355FDF5002D6F59 /* Debug */,
				039CB0862355FDF5002D6F59 /* Release */,
			);
			defaultConfigurationIsVisible = 0;
			defaultConfigurationName = Release;
		};
		039CB0872355FDF5002D6F59 /* Build configuration list for PBXNativeTarget "Dash" */ = {
			isa = XCConfigurationList;
			buildConfigurations = (
				039CB0882355FDF5002D6F59 /* Debug */,
				039CB0892355FDF5002D6F59 /* Release */,
			);
			defaultConfigurationIsVisible = 0;
			defaultConfigurationName = Release;
		};
/* End XCConfigurationList section */
	};
	rootObject = 039CB0782355FDF5002D6F59 /* Project object */;
}
